
Microsoft Visual Studio Solution File, Format Version 12.00
# Visual Studio Version 16
VisualStudioVersion = 16.0.35731.53
MinimumVisualStudioVersion = 10.0.40219.1
Project("{D2ABAB84-BF74-430A-B69E-9DC6D40DDA17}") = "WideImporters_Cube", "WideImporters_Cube\WideImporters_Cube.dwproj", "{85A9D1D0-4E67-413C-BB9C-BA44DD53EADE}"
EndProject
Global
	GlobalSection(SolutionConfigurationPlatforms) = preSolution
		Development|Default = Development|Default
	EndGlobalSection
	GlobalSection(ProjectConfigurationPlatforms) = postSolution
		{85A9D1D0-4E67-413C-BB9C-BA44DD53EADE}.Development|Default.ActiveCfg = Development
		{85A9D1D0-4E67-413C-BB9C-BA44DD53EADE}.Development|Default.Build.0 = Development
		{85A9D1D0-4E67-413C-BB9C-BA44DD53EADE}.Development|Default.Deploy.0 = Development
	EndGlobalSection
	GlobalSection(SolutionProperties) = preSolution
		HideSolutionNode = FALSE
	EndGlobalSection
	GlobalSection(ExtensibilityGlobals) = postSolution
		SolutionGuid = {C1F8EC7D-00A5-495C-9D8F-0591C5B209AB}
	EndGlobalSection
EndGlobal
